{
  "nodes": {
    "flake-compat": {
      "flake": false,
      "locked": {
        "lastModified": 1767039857,
        "narHash": "sha256-vNpUSpF5Nuw8xvDLj2KCwwksIbjua2LZCqhV1LNRDns=",
        "owner": "NixOS",
        "repo": "flake-compat",
        "rev": "5edf11c44bc78a0d334f6334cdaf7d60d732daab",
        "type": "github"
      },
      "original": {
        "owner": "NixOS",
        "repo": "flake-compat",
        "type": "github"
      }
    },
    "git-hooks": {
      "inputs": {
        "flake-compat": "flake-compat",
        "gitignore": "gitignore",
        "nixpkgs": [
          "pkgs",
          "nixpkgs"
        ]
      },
      "locked": {
        "lastModified": 1772665116,
        "narHash": "sha256-XmjUDG/J8Z8lY5DVNVUf5aoZGc400FxcjsNCqHKiKtc=",
        "owner": "cachix",
        "repo": "git-hooks.nix",
        "rev": "39f53203a8458c330f61cc0759fe243f0ac0d198",
        "type": "github"
      },
      "original": {
        "owner": "cachix",
        "repo": "git-hooks.nix",
        "type": "github"
      }
    },
    "gitignore": {
      "inputs": {
        "nixpkgs": [
          "git-hooks",
          "nixpkgs"
        ]
      },
      "locked": {
        "lastModified": 1709087332,
        "narHash": "sha256-HG2cCnktfHsKV0s4XW83gU3F57gaTljL9KNSuG6bnQs=",
        "owner": "hercules-ci",
        "repo": "gitignore.nix",
        "rev": "637db329424fd7e46cf4185293b9cc8c88c95394",
        "type": "github"
      },
      "original": {
        "owner": "hercules-ci",
        "repo": "gitignore.nix",
        "type": "github"
      }
    },
    "nixpkgs": {
      "locked": {
        "lastModified": 1771207753,
        "narHash": "sha256-b9uG8yN50DRQ6A7JdZBfzq718ryYrlmGgqkRm9OOwCE=",
        "owner": "nixos",
        "repo": "nixpkgs",
        "rev": "d1c15b7d5806069da59e819999d70e1cec0760bf",
        "type": "github"
      },
      "original": {
        "owner": "nixos",
        "ref": "nixpkgs-unstable",
        "repo": "nixpkgs",
        "type": "github"
      }
    },
    "pkgs": {
      "inputs": {
        "nixpkgs": "nixpkgs"
      },
      "locked": {
        "dir": "partitions/pkgs/unstable",
        "lastModified": 1772811284,
        "narHash": "sha256-z5nuSQavRU/DfOwO28MDXBrGHn0wcYtJ+ZMlKru0xXk=",
        "ref": "refs/heads/main",
        "rev": "fefbdfd3a07f958e4e15120c6873df8ae6819099",
        "revCount": 32,
        "type": "git",
        "url": "ssh://git@github.com/marksisson/std"
      },
      "original": {
        "dir": "partitions/pkgs/unstable",
        "type": "git",
        "url": "ssh://git@github.com/marksisson/std"
      }
    },
    "root": {
      "inputs": {
        "git-hooks": "git-hooks",
        "pkgs": "pkgs",
        "treefmt": "treefmt"
      }
    },
    "treefmt": {
      "inputs": {
        "nixpkgs": [
          "pkgs",
          "nixpkgs"
        ]
      },
      "locked": {
        "lastModified": 1772660329,
        "narHash": "sha256-IjU1FxYqm+VDe5qIOxoW+pISBlGvVApRjiw/Y/ttJzY=",
        "owner": "numtide",
        "repo": "treefmt-nix",
        "rev": "3710e0e1218041bbad640352a0440114b1e10428",
        "type": "github"
      },
      "original": {
        "owner": "numtide",
        "repo": "treefmt-nix",
        "type": "github"
      }
    }
  },
  "root": "root",
  "version": 7
}
