{
  "nodes": {
    "flake-parts": {
      "inputs": {
        "nixpkgs-lib": "nixpkgs-lib"
      },
      "locked": {
        "lastModified": 1769996383,
        "narHash": "sha256-AnYjnFWgS49RlqX7LrC4uA+sCCDBj0Ry/WOJ5XWAsa0=",
        "owner": "hercules-ci",
        "repo": "flake-parts",
        "rev": "57928607ea566b5db3ad13af0e57e921e6b12381",
        "type": "github"
      },
      "original": {
        "owner": "hercules-ci",
        "repo": "flake-parts",
        "type": "github"
      }
    },
    "nixpkgs-lib": {
      "locked": {
        "lastModified": 1769909678,
        "narHash": "sha256-cBEymOf4/o3FD5AZnzC3J9hLbiZ+QDT/KDuyHXVJOpM=",
        "owner": "nix-community",
        "repo": "nixpkgs.lib",
        "rev": "72716169fe93074c333e8d0173151350670b824c",
        "type": "github"
      },
      "original": {
        "owner": "nix-community",
        "repo": "nixpkgs.lib",
        "type": "github"
      }
    },
    "root": {
      "inputs": {
        "std": "std"
      }
    },
    "std": {
      "inputs": {
        "flake-parts": "flake-parts"
      },
      "locked": {
        "lastModified": 1771287854,
        "narHash": "sha256-+Qp9GKFB2DAnVlQD1c4TEXEN4jP17As2Uc7RG0RPY0k=",
        "ref": "refs/heads/main",
        "rev": "c6c08a0c618c4c5e320c6276ef212852051faa59",
        "revCount": 22,
        "type": "git",
        "url": "ssh://git@github.com/marksisson/std"
      },
      "original": {
        "type": "git",
        "url": "ssh://git@github.com/marksisson/std"
      }
    }
  },
  "root": "root",
  "version": 7
}
