{
  "nodes": {
    "flake-parts": {
      "inputs": {
        "nixpkgs-lib": "nixpkgs-lib"
      },
      "locked": {
        "lastModified": 1772408722,
        "narHash": "sha256-rHuJtdcOjK7rAHpHphUb1iCvgkU3GpfvicLMwwnfMT0=",
        "owner": "hercules-ci",
        "repo": "flake-parts",
        "rev": "f20dc5d9b8027381c474144ecabc9034d6a839a3",
        "type": "github"
      },
      "original": {
        "owner": "hercules-ci",
        "repo": "flake-parts",
        "type": "github"
      }
    },
    "nixpkgs-lib": {
      "locked": {
        "lastModified": 1772328832,
        "narHash": "sha256-e+/T/pmEkLP6BHhYjx6GmwP5ivonQQn0bJdH9YrRB+Q=",
        "owner": "nix-community",
        "repo": "nixpkgs.lib",
        "rev": "c185c7a5e5dd8f9add5b2f8ebeff00888b070742",
        "type": "github"
      },
      "original": {
        "owner": "nix-community",
        "repo": "nixpkgs.lib",
        "type": "github"
      }
    },
    "root": {
      "inputs": {
        "std": "std"
      }
    },
    "std": {
      "inputs": {
        "flake-parts": "flake-parts"
      },
      "locked": {
        "lastModified": 1773717415,
        "narHash": "sha256-nADE2ResSjPQYbimNqUvckHwkQ8+taRAlQdF/v6ghsY=",
        "ref": "refs/heads/main",
        "rev": "4ca9883d43427e907db0e0ec2c0c7b1da0f0df59",
        "revCount": 37,
        "type": "git",
        "url": "ssh://git@github.com/marksisson/std"
      },
      "original": {
        "type": "git",
        "url": "ssh://git@github.com/marksisson/std"
      }
    }
  },
  "root": "root",
  "version": 7
}
