{
  "nodes": {
    "core-flake-schemas": {
      "inputs": {
        "flake-schemas": "flake-schemas"
      },
      "locked": {
        "dir": "partitions/schemas",
        "lastModified": 1788753690,
        "narHash": "sha256-FM0sRxXCanw8JXZcUeCVnNsdtAsdpgKQ9/5kV9GktB0=",
        "owner": "nixology",
        "repo": "core.nix",
        "rev": "5d8cb4eb444246088a5be44a1272c7841552b19c",
        "type": "github"
      },
      "original": {
        "dir": "partitions/schemas",
        "owner": "nixology",
        "repo": "core.nix",
        "type": "github"
      }
    },
    "flake-schemas": {
      "locked": {
        "lastModified": 1780327564,
        "narHash": "sha256-HiRPtA0spK+Dkgbhz/1zW9glXxNVB+L4Rj2VYmdawb8=",
        "owner": "DeterminateSystems",
        "repo": "flake-schemas",
        "rev": "6cc9bd98891b1fc6bb2b8cb3277df8bc72799ca6",
        "type": "github"
      },
      "original": {
        "owner": "DeterminateSystems",
        "repo": "flake-schemas",
        "type": "github"
      }
    },
    "root": {
      "inputs": {
        "core-flake-schemas": "core-flake-schemas",
        "flake-schemas": [
          "core-flake-schemas",
          "flake-schemas"
        ]
      }
    }
  },
  "root": "root",
  "version": 7
}
